
Microsoft Visual Studio Solution File, Format Version 12.00
# Visual Studio Version 16
VisualStudioVersion = 16.0.30804.86
MinimumVisualStudioVersion = 10.0.40219.1
Project("{FAE04EC0-301F-11D3-BF4B-00C04F79EFBC}") = "OOPIntro", "OOPIntro\OOPIntro.csproj", "{602AC715-087E-4B0B-9745-8542F08D9A09}"
EndProject
Global
	GlobalSection(SolutionConfigurationPlatforms) = preSolution
		Debug|Any CPU = Debug|Any CPU
		Release|Any CPU = Release|Any CPU
	EndGlobalSection
	GlobalSection(ProjectConfigurationPlatforms) = postSolution
		{602AC715-087E-4B0B-9745-8542F08D9A09}.Debug|Any CPU.ActiveCfg = Debug|Any CPU
		{602AC715-087E-4B0B-9745-8542F08D9A09}.Debug|Any CPU.Build.0 = Debug|Any CPU
		{602AC715-087E-4B0B-9745-8542F08D9A09}.Release|Any CPU.ActiveCfg = Release|Any CPU
		{602AC715-087E-4B0B-9745-8542F08D9A09}.Release|Any CPU.Build.0 = Release|Any CPU
	EndGlobalSection
	GlobalSection(SolutionProperties) = preSolution
		HideSolutionNode = FALSE
	EndGlobalSection
	GlobalSection(ExtensibilityGlobals) = postSolution
		SolutionGuid = {65CE99D6-6EF0-4436-8EDF-2DB36C73C52E}
	EndGlobalSection
EndGlobal
