
Microsoft Visual Studio Solution File, Format Version 12.00
# Visual Studio Version 16
VisualStudioVersion = 16.0.30804.86
MinimumVisualStudioVersion = 10.0.40219.1
Project("{FAE04EC0-301F-11D3-BF4B-00C04F79EFBC}") = "Files exersices", "Files exersices\Files exersices.csproj", "{92AD46E4-31E5-49DF-8AE5-32BF2883B0B9}"
EndProject
Global
	GlobalSection(SolutionConfigurationPlatforms) = preSolution
		Debug|Any CPU = Debug|Any CPU
		Release|Any CPU = Release|Any CPU
	EndGlobalSection
	GlobalSection(ProjectConfigurationPlatforms) = postSolution
		{92AD46E4-31E5-49DF-8AE5-32BF2883B0B9}.Debug|Any CPU.ActiveCfg = Debug|Any CPU
		{92AD46E4-31E5-49DF-8AE5-32BF2883B0B9}.Debug|Any CPU.Build.0 = Debug|Any CPU
		{92AD46E4-31E5-49DF-8AE5-32BF2883B0B9}.Release|Any CPU.ActiveCfg = Release|Any CPU
		{92AD46E4-31E5-49DF-8AE5-32BF2883B0B9}.Release|Any CPU.Build.0 = Release|Any CPU
	EndGlobalSection
	GlobalSection(SolutionProperties) = preSolution
		HideSolutionNode = FALSE
	EndGlobalSection
	GlobalSection(ExtensibilityGlobals) = postSolution
		SolutionGuid = {20B3DABA-E68A-4535-8389-DE830D7E2745}
	EndGlobalSection
EndGlobal
