
Microsoft Visual Studio Solution File, Format Version 12.00
# Visual Studio Version 16
VisualStudioVersion = 16.0.31025.194
MinimumVisualStudioVersion = 10.0.40219.1
Project("{9A19103F-16F7-4668-BE54-9A1E7A4F7556}") = "StringsDemo", "StringsDemo\StringsDemo.csproj", "{9A4ADFEE-1E17-4333-B169-C3EA7B736F96}"
EndProject
Project("{FAE04EC0-301F-11D3-BF4B-00C04F79EFBC}") = "Task2", "Task2\Task2.csproj", "{52437566-B6F8-4FAE-BA72-067553A45DFC}"
EndProject
Project("{FAE04EC0-301F-11D3-BF4B-00C04F79EFBC}") = "Task 1", "Task 1\Task 1.csproj", "{8FC542AC-2AB9-49A9-8EBF-0C8211F9CF62}"
EndProject
Project("{FAE04EC0-301F-11D3-BF4B-00C04F79EFBC}") = "Task 3", "Task 3\Task 3.csproj", "{08EA5908-D347-40C7-B0CA-3EA1488507D8}"
EndProject
Project("{FAE04EC0-301F-11D3-BF4B-00C04F79EFBC}") = "Task 5", "Task 5\Task 5.csproj", "{A4A5BA2E-B301-42A6-BACE-D5DEF933EBC0}"
EndProject
Project("{FAE04EC0-301F-11D3-BF4B-00C04F79EFBC}") = "StringBuilderDemo", "StringBuilderDemo\StringBuilderDemo.csproj", "{7A91EB86-4DA1-4341-9473-EBB2AEAB3D88}"
EndProject
Global
	GlobalSection(SolutionConfigurationPlatforms) = preSolution
		Debug|Any CPU = Debug|Any CPU
		Release|Any CPU = Release|Any CPU
	EndGlobalSection
	GlobalSection(ProjectConfigurationPlatforms) = postSolution
		{9A4ADFEE-1E17-4333-B169-C3EA7B736F96}.Debug|Any CPU.ActiveCfg = Debug|Any CPU
		{9A4ADFEE-1E17-4333-B169-C3EA7B736F96}.Debug|Any CPU.Build.0 = Debug|Any CPU
		{9A4ADFEE-1E17-4333-B169-C3EA7B736F96}.Release|Any CPU.ActiveCfg = Release|Any CPU
		{9A4ADFEE-1E17-4333-B169-C3EA7B736F96}.Release|Any CPU.Build.0 = Release|Any CPU
		{52437566-B6F8-4FAE-BA72-067553A45DFC}.Debug|Any CPU.ActiveCfg = Debug|Any CPU
		{52437566-B6F8-4FAE-BA72-067553A45DFC}.Debug|Any CPU.Build.0 = Debug|Any CPU
		{52437566-B6F8-4FAE-BA72-067553A45DFC}.Release|Any CPU.ActiveCfg = Release|Any CPU
		{52437566-B6F8-4FAE-BA72-067553A45DFC}.Release|Any CPU.Build.0 = Release|Any CPU
		{8FC542AC-2AB9-49A9-8EBF-0C8211F9CF62}.Debug|Any CPU.ActiveCfg = Debug|Any CPU
		{8FC542AC-2AB9-49A9-8EBF-0C8211F9CF62}.Debug|Any CPU.Build.0 = Debug|Any CPU
		{8FC542AC-2AB9-49A9-8EBF-0C8211F9CF62}.Release|Any CPU.ActiveCfg = Release|Any CPU
		{8FC542AC-2AB9-49A9-8EBF-0C8211F9CF62}.Release|Any CPU.Build.0 = Release|Any CPU
		{08EA5908-D347-40C7-B0CA-3EA1488507D8}.Debug|Any CPU.ActiveCfg = Debug|Any CPU
		{08EA5908-D347-40C7-B0CA-3EA1488507D8}.Debug|Any CPU.Build.0 = Debug|Any CPU
		{08EA5908-D347-40C7-B0CA-3EA1488507D8}.Release|Any CPU.ActiveCfg = Release|Any CPU
		{08EA5908-D347-40C7-B0CA-3EA1488507D8}.Release|Any CPU.Build.0 = Release|Any CPU
		{A4A5BA2E-B301-42A6-BACE-D5DEF933EBC0}.Debug|Any CPU.ActiveCfg = Debug|Any CPU
		{A4A5BA2E-B301-42A6-BACE-D5DEF933EBC0}.Debug|Any CPU.Build.0 = Debug|Any CPU
		{A4A5BA2E-B301-42A6-BACE-D5DEF933EBC0}.Release|Any CPU.ActiveCfg = Release|Any CPU
		{A4A5BA2E-B301-42A6-BACE-D5DEF933EBC0}.Release|Any CPU.Build.0 = Release|Any CPU
		{7A91EB86-4DA1-4341-9473-EBB2AEAB3D88}.Debug|Any CPU.ActiveCfg = Debug|Any CPU
		{7A91EB86-4DA1-4341-9473-EBB2AEAB3D88}.Debug|Any CPU.Build.0 = Debug|Any CPU
		{7A91EB86-4DA1-4341-9473-EBB2AEAB3D88}.Release|Any CPU.ActiveCfg = Release|Any CPU
		{7A91EB86-4DA1-4341-9473-EBB2AEAB3D88}.Release|Any CPU.Build.0 = Release|Any CPU
	EndGlobalSection
	GlobalSection(SolutionProperties) = preSolution
		HideSolutionNode = FALSE
	EndGlobalSection
	GlobalSection(ExtensibilityGlobals) = postSolution
		SolutionGuid = {CCAEE238-657E-431C-A059-06EF6DCDCF90}
	EndGlobalSection
EndGlobal
