
Microsoft Visual Studio Solution File, Format Version 12.00
# Visual Studio Version 16
VisualStudioVersion = 16.0.31025.194
MinimumVisualStudioVersion = 10.0.40219.1
Project("{FAE04EC0-301F-11D3-BF4B-00C04F79EFBC}") = "WorkingWithFilesDemos", "WorkingWithFilesDemos\WorkingWithFilesDemos.csproj", "{51189EDD-65F2-4B17-AEF1-0939204ED516}"
EndProject
Global
	GlobalSection(SolutionConfigurationPlatforms) = preSolution
		Debug|Any CPU = Debug|Any CPU
		Release|Any CPU = Release|Any CPU
	EndGlobalSection
	GlobalSection(ProjectConfigurationPlatforms) = postSolution
		{51189EDD-65F2-4B17-AEF1-0939204ED516}.Debug|Any CPU.ActiveCfg = Debug|Any CPU
		{51189EDD-65F2-4B17-AEF1-0939204ED516}.Debug|Any CPU.Build.0 = Debug|Any CPU
		{51189EDD-65F2-4B17-AEF1-0939204ED516}.Release|Any CPU.ActiveCfg = Release|Any CPU
		{51189EDD-65F2-4B17-AEF1-0939204ED516}.Release|Any CPU.Build.0 = Release|Any CPU
	EndGlobalSection
	GlobalSection(SolutionProperties) = preSolution
		HideSolutionNode = FALSE
	EndGlobalSection
	GlobalSection(ExtensibilityGlobals) = postSolution
		SolutionGuid = {722DB5A4-943E-4A33-A428-DAEF43EE8692}
	EndGlobalSection
EndGlobal
